# This file is generated by running "yarn install" inside your project.
# Manual changes might be lost - proceed with caution!

__metadata:
  version: 8
  cacheKey: 10c0

"401@workspace:.":
  version: 0.0.0-use.local
  resolution: "401@workspace:."
  dependencies:
    "@rsbuild/core": "npm:^1.4.13"
    "@rsbuild/plugin-react": "npm:^1.3.4"
    "@types/react": "npm:^19.1.9"
    "@types/react-dom": "npm:^19.1.7"
    axios: "npm:^1.11.0"
    msw: "npm:^2.10.5"
    prettier: "npm:^3.6.2"
    react: "npm:^19.1.1"
    react-dom: "npm:^19.1.1"
    typescript: "npm:^5.9.2"
  languageName: unknown
  linkType: soft

"@bundled-es-modules/cookie@npm:^2.0.1":
  version: 2.0.1
  resolution: "@bundled-es-modules/cookie@npm:2.0.1"
  dependencies:
    cookie: "npm:^0.7.2"
  checksum: 10c0/dfac5e36127e827c5557b8577f17a8aa94c057baff6d38555917927b99da0ecf0b1357e7fedadc8853ecdbd4a8a7fa1f5e64111b2a656612f4a36376f5bdbe8d
  languageName: node
  linkType: hard

"@bundled-es-modules/statuses@npm:^1.0.1":
  version: 1.0.1
  resolution: "@bundled-es-modules/statuses@npm:1.0.1"
  dependencies:
    statuses: "npm:^2.0.1"
  checksum: 10c0/c1a8ede3efa8da61ccda4b98e773582a9733edfbeeee569d4630785f8e018766202edb190a754a3ec7a7f6bd738e857829affc2fdb676b6dab4db1bb44e62785
  languageName: node
  linkType: hard

"@bundled-es-modules/tough-cookie@npm:^0.1.6":
  version: 0.1.6
  resolution: "@bundled-es-modules/tough-cookie@npm:0.1.6"
  dependencies:
    "@types/tough-cookie": "npm:^4.0.5"
    tough-cookie: "npm:^4.1.4"
  checksum: 10c0/28bcac878bff6b34719ba3aa8341e9924772ee55de5487680ebe784981ec9fccb70ed5d46f563e2404855a04de606f9e56aa4202842d4f5835bc04a4fe820571
  languageName: node
  linkType: hard

"@emnapi/core@npm:^1.4.5":
  version: 1.4.5
  resolution: "@emnapi/core@npm:1.4.5"
  dependencies:
    "@emnapi/wasi-threads": "npm:1.0.4"
    tslib: "npm:^2.4.0"
  checksum: 10c0/da4a57f65f325d720d0e0d1a9c6618b90c4c43a5027834a110476984e1d47c95ebaed4d316b5dddb9c0ed9a493ffeb97d1934f9677035f336d8a36c1f3b2818f
  languageName: node
  linkType: hard

"@emnapi/runtime@npm:^1.4.5":
  version: 1.4.5
  resolution: "@emnapi/runtime@npm:1.4.5"
  dependencies:
    tslib: "npm:^2.4.0"
  checksum: 10c0/37a0278be5ac81e918efe36f1449875cbafba947039c53c65a1f8fc238001b866446fc66041513b286baaff5d6f9bec667f5164b3ca481373a8d9cb65bfc984b
  languageName: node
  linkType: hard

"@emnapi/wasi-threads@npm:1.0.4":
  version: 1.0.4
  resolution: "@emnapi/wasi-threads@npm:1.0.4"
  dependencies:
    tslib: "npm:^2.4.0"
  checksum: 10c0/2c91a53e62f875800baf035c4d42c9c0d18e5afd9a31ca2aac8b435aeaeaeaac386b5b3d0d0e70aa7a5a9852bbe05106b1f680cd82cce03145c703b423d41313
  languageName: node
  linkType: hard

"@inquirer/confirm@npm:^5.0.0":
  version: 5.1.15
  resolution: "@inquirer/confirm@npm:5.1.15"
  dependencies:
    "@inquirer/core": "npm:^10.1.15"
    "@inquirer/type": "npm:^3.0.8"
  peerDependencies:
    "@types/node": ">=18"
  peerDependenciesMeta:
    "@types/node":
      optional: true
  checksum: 10c0/e9b9e4f41b8cdf8ccab14ddaff6f2558344e3150d44c5036df08582d2a8a4dc8a6cb3bd7fcdfc4f207e76f61a30b40af5ef6fbfabe39b67f4bd1b0d47618517c
  languageName: node
  linkType: hard

"@inquirer/core@npm:^10.1.15":
  version: 10.1.15
  resolution: "@inquirer/core@npm:10.1.15"
  dependencies:
    "@inquirer/figures": "npm:^1.0.13"
    "@inquirer/type": "npm:^3.0.8"
    ansi-escapes: "npm:^4.3.2"
    cli-width: "npm:^4.1.0"
    mute-stream: "npm:^2.0.0"
    signal-exit: "npm:^4.1.0"
    wrap-ansi: "npm:^6.2.0"
    yoctocolors-cjs: "npm:^2.1.2"
  peerDependencies:
    "@types/node": ">=18"
  peerDependenciesMeta:
    "@types/node":
      optional: true
  checksum: 10c0/3214dfa882f17e3d9cdd45fc73f9134b90e3d685f8285f7963d836fe25f786d8ecf9c16d2710fc968b77da40508fa74466d5ad90c5466626037995210b946b12
  languageName: node
  linkType: hard

"@inquirer/figures@npm:^1.0.13":
  version: 1.0.13
  resolution: "@inquirer/figures@npm:1.0.13"
  checksum: 10c0/23700a4a0627963af5f51ef4108c338ae77bdd90393164b3fdc79a378586e1f5531259882b7084c690167bf5a36e83033e45aca0321570ba810890abe111014f
  languageName: node
  linkType: hard

"@inquirer/type@npm:^3.0.8":
  version: 3.0.8
  resolution: "@inquirer/type@npm:3.0.8"
  peerDependencies:
    "@types/node": ">=18"
  peerDependenciesMeta:
    "@types/node":
      optional: true
  checksum: 10c0/1171bffb9ea0018b12ec4f46a7b485f7e2a328e620e89f3b03f2be8c25889e5b9e62daca3ea10ed040a71d847066c4d9879dc1fea8aa5690ebbc968d3254a5ac
  languageName: node
  linkType: hard

"@module-federation/error-codes@npm:0.17.1":
  version: 0.17.1
  resolution: "@module-federation/error-codes@npm:0.17.1"
  checksum: 10c0/24e99dbb7a918a513ce94ddcf8cc40c16da89ea19cdaa85148ab535c99df45afb4b05a3989113621bd5a0b2d4280492cde4a39cf22a9b38a6a2ef3ce07763806
  languageName: node
  linkType: hard

"@module-federation/runtime-core@npm:0.17.1":
  version: 0.17.1
  resolution: "@module-federation/runtime-core@npm:0.17.1"
  dependencies:
    "@module-federation/error-codes": "npm:0.17.1"
    "@module-federation/sdk": "npm:0.17.1"
  checksum: 10c0/f952bb01e35a39db65ec2fc9da05aff79d621be47d207bc7afaa886116f9d6cfd14e3c58fe8602b301abf6a4e0c086e44a822284756fcef84fe2b0c66d7fe175
  languageName: node
  linkType: hard

"@module-federation/runtime-tools@npm:0.17.1":
  version: 0.17.1
  resolution: "@module-federation/runtime-tools@npm:0.17.1"
  dependencies:
    "@module-federation/runtime": "npm:0.17.1"
    "@module-federation/webpack-bundler-runtime": "npm:0.17.1"
  checksum: 10c0/d766646be3f178e8f0931fbf145223d8bef43da3e63aac9fab99c82e4c9c65f3a78983f1e16bea92aebacb12c2a4c65b74743f75088eba5ce69deff0309ca0fa
  languageName: node
  linkType: hard

"@module-federation/runtime@npm:0.17.1":
  version: 0.17.1
  resolution: "@module-federation/runtime@npm:0.17.1"
  dependencies:
    "@module-federation/error-codes": "npm:0.17.1"
    "@module-federation/runtime-core": "npm:0.17.1"
    "@module-federation/sdk": "npm:0.17.1"
  checksum: 10c0/8bb27a205cc861b6eaa02164a7e2e984785bfb9926cdf3b8fcb44c8d873e617022a002b033f411c1057d8f089e2ab18752e0386638c82ec5f8f9f0e89498129c
  languageName: node
  linkType: hard

"@module-federation/sdk@npm:0.17.1":
  version: 0.17.1
  resolution: "@module-federation/sdk@npm:0.17.1"
  checksum: 10c0/67c9e4870effd2a8908da39dd3d78efea998809a92ef7078092db1e4de65014c679e552ec5e8804eb64a99e394e7882f7e6d889e733d71c6fd4c909c3c34b4e8
  languageName: node
  linkType: hard

"@module-federation/webpack-bundler-runtime@npm:0.17.1":
  version: 0.17.1
  resolution: "@module-federation/webpack-bundler-runtime@npm:0.17.1"
  dependencies:
    "@module-federation/runtime": "npm:0.17.1"
    "@module-federation/sdk": "npm:0.17.1"
  checksum: 10c0/c143c9494e44b4e0b6ed5ded4fcc8525d1bc38bfedd56e94ec8478b697dcfa06545a7bd62ec1b2480fba91557feaa4dce24aaa03089b051c195def3673d191fc
  languageName: node
  linkType: hard

"@mswjs/interceptors@npm:^0.39.1":
  version: 0.39.6
  resolution: "@mswjs/interceptors@npm:0.39.6"
  dependencies:
    "@open-draft/deferred-promise": "npm:^2.2.0"
    "@open-draft/logger": "npm:^0.3.0"
    "@open-draft/until": "npm:^2.0.0"
    is-node-process: "npm:^1.2.0"
    outvariant: "npm:^1.4.3"
    strict-event-emitter: "npm:^0.5.1"
  checksum: 10c0/66f593d4e19da0ada76c6fd89c2bd078f10880f7ec83ba22db3ee3a1aca3998c281011d7e5f1dd5a4bf3ca2eae92e45ce646ec9b85863e9d64b2f8c9d5da6500
  languageName: node
  linkType: hard

"@napi-rs/wasm-runtime@npm:^1.0.1":
  version: 1.0.3
  resolution: "@napi-rs/wasm-runtime@npm:1.0.3"
  dependencies:
    "@emnapi/core": "npm:^1.4.5"
    "@emnapi/runtime": "npm:^1.4.5"
    "@tybys/wasm-util": "npm:^0.10.0"
  checksum: 10c0/7918d82477e75931b6e35bb003464382eb93e526362f81a98bf8610407a67b10f4d041931015ad48072c89db547deb7e471dfb91f4ab11ac63a24d8580297f75
  languageName: node
  linkType: hard

"@open-draft/deferred-promise@npm:^2.2.0":
  version: 2.2.0
  resolution: "@open-draft/deferred-promise@npm:2.2.0"
  checksum: 10c0/eafc1b1d0fc8edb5e1c753c5e0f3293410b40dde2f92688211a54806d4136887051f39b98c1950370be258483deac9dfd17cf8b96557553765198ef2547e4549
  languageName: node
  linkType: hard

"@open-draft/logger@npm:^0.3.0":
  version: 0.3.0
  resolution: "@open-draft/logger@npm:0.3.0"
  dependencies:
    is-node-process: "npm:^1.2.0"
    outvariant: "npm:^1.4.0"
  checksum: 10c0/90010647b22e9693c16258f4f9adb034824d1771d3baa313057b9a37797f571181005bc50415a934eaf7c891d90ff71dcd7a9d5048b0b6bb438f31bef2c7c5c1
  languageName: node
  linkType: hard

"@open-draft/until@npm:^2.0.0, @open-draft/until@npm:^2.1.0":
  version: 2.1.0
  resolution: "@open-draft/until@npm:2.1.0"
  checksum: 10c0/61d3f99718dd86bb393fee2d7a785f961dcaf12f2055f0c693b27f4d0cd5f7a03d498a6d9289773b117590d794a43cd129366fd8e99222e4832f67b1653d54cf
  languageName: node
  linkType: hard

"@rsbuild/core@npm:^1.4.13":
  version: 1.4.15
  resolution: "@rsbuild/core@npm:1.4.15"
  dependencies:
    "@rspack/core": "npm:1.4.11"
    "@rspack/lite-tapable": "npm:~1.0.1"
    "@swc/helpers": "npm:^0.5.17"
    core-js: "npm:~3.45.0"
    jiti: "npm:^2.5.1"
  bin:
    rsbuild: bin/rsbuild.js
  checksum: 10c0/0b80e79bad382de134be9511e3dbd27d12978b1631c99c5dfaacdc603737a68fb5be1c2ad687dc45378b704e9099c23a0fce8c1e6156517bb88684d4f0de5548
  languageName: node
  linkType: hard

"@rsbuild/plugin-react@npm:^1.3.4":
  version: 1.3.5
  resolution: "@rsbuild/plugin-react@npm:1.3.5"
  dependencies:
    "@rspack/plugin-react-refresh": "npm:~1.4.3"
    react-refresh: "npm:^0.17.0"
  peerDependencies:
    "@rsbuild/core": 1.x
  checksum: 10c0/e54354a26ec858a79ee376a7caf1e82348dfc87bccfe319e02fc5df5c03da8ce57843a31073109170126e12cd4a46f3e645895a8a7585ecf6767f0a20b170fb9
  languageName: node
  linkType: hard

"@rspack/binding-darwin-arm64@npm:1.4.11":
  version: 1.4.11
  resolution: "@rspack/binding-darwin-arm64@npm:1.4.11"
  conditions: os=darwin & cpu=arm64
  languageName: node
  linkType: hard

"@rspack/binding-darwin-x64@npm:1.4.11":
  version: 1.4.11
  resolution: "@rspack/binding-darwin-x64@npm:1.4.11"
  conditions: os=darwin & cpu=x64
  languageName: node
  linkType: hard

"@rspack/binding-linux-arm64-gnu@npm:1.4.11":
  version: 1.4.11
  resolution: "@rspack/binding-linux-arm64-gnu@npm:1.4.11"
  conditions: os=linux & cpu=arm64 & libc=glibc
  languageName: node
  linkType: hard

"@rspack/binding-linux-arm64-musl@npm:1.4.11":
  version: 1.4.11
  resolution: "@rspack/binding-linux-arm64-musl@npm:1.4.11"
  conditions: os=linux & cpu=arm64 & libc=musl
  languageName: node
  linkType: hard

"@rspack/binding-linux-x64-gnu@npm:1.4.11":
  version: 1.4.11
  resolution: "@rspack/binding-linux-x64-gnu@npm:1.4.11"
  conditions: os=linux & cpu=x64 & libc=glibc
  languageName: node
  linkType: hard

"@rspack/binding-linux-x64-musl@npm:1.4.11":
  version: 1.4.11
  resolution: "@rspack/binding-linux-x64-musl@npm:1.4.11"
  conditions: os=linux & cpu=x64 & libc=musl
  languageName: node
  linkType: hard

"@rspack/binding-wasm32-wasi@npm:1.4.11":
  version: 1.4.11
  resolution: "@rspack/binding-wasm32-wasi@npm:1.4.11"
  dependencies:
    "@napi-rs/wasm-runtime": "npm:^1.0.1"
  conditions: cpu=wasm32
  languageName: node
  linkType: hard

"@rspack/binding-win32-arm64-msvc@npm:1.4.11":
  version: 1.4.11
  resolution: "@rspack/binding-win32-arm64-msvc@npm:1.4.11"
  conditions: os=win32 & cpu=arm64
  languageName: node
  linkType: hard

"@rspack/binding-win32-ia32-msvc@npm:1.4.11":
  version: 1.4.11
  resolution: "@rspack/binding-win32-ia32-msvc@npm:1.4.11"
  conditions: os=win32 & cpu=ia32
  languageName: node
  linkType: hard

"@rspack/binding-win32-x64-msvc@npm:1.4.11":
  version: 1.4.11
  resolution: "@rspack/binding-win32-x64-msvc@npm:1.4.11"
  conditions: os=win32 & cpu=x64
  languageName: node
  linkType: hard

"@rspack/binding@npm:1.4.11":
  version: 1.4.11
  resolution: "@rspack/binding@npm:1.4.11"
  dependencies:
    "@rspack/binding-darwin-arm64": "npm:1.4.11"
    "@rspack/binding-darwin-x64": "npm:1.4.11"
    "@rspack/binding-linux-arm64-gnu": "npm:1.4.11"
    "@rspack/binding-linux-arm64-musl": "npm:1.4.11"
    "@rspack/binding-linux-x64-gnu": "npm:1.4.11"
    "@rspack/binding-linux-x64-musl": "npm:1.4.11"
    "@rspack/binding-wasm32-wasi": "npm:1.4.11"
    "@rspack/binding-win32-arm64-msvc": "npm:1.4.11"
    "@rspack/binding-win32-ia32-msvc": "npm:1.4.11"
    "@rspack/binding-win32-x64-msvc": "npm:1.4.11"
  dependenciesMeta:
    "@rspack/binding-darwin-arm64":
      optional: true
    "@rspack/binding-darwin-x64":
      optional: true
    "@rspack/binding-linux-arm64-gnu":
      optional: true
    "@rspack/binding-linux-arm64-musl":
      optional: true
    "@rspack/binding-linux-x64-gnu":
      optional: true
    "@rspack/binding-linux-x64-musl":
      optional: true
    "@rspack/binding-wasm32-wasi":
      optional: true
    "@rspack/binding-win32-arm64-msvc":
      optional: true
    "@rspack/binding-win32-ia32-msvc":
      optional: true
    "@rspack/binding-win32-x64-msvc":
      optional: true
  checksum: 10c0/c02eacc3b88befa38d8043ec58099235e678bad5ec24cb5653f99932dbfcf630481a93cd338f7e60a192c69701aa4db778ca707c3a328ef2af57d55813709b4c
  languageName: node
  linkType: hard

"@rspack/core@npm:1.4.11":
  version: 1.4.11
  resolution: "@rspack/core@npm:1.4.11"
  dependencies:
    "@module-federation/runtime-tools": "npm:0.17.1"
    "@rspack/binding": "npm:1.4.11"
    "@rspack/lite-tapable": "npm:1.0.1"
  peerDependencies:
    "@swc/helpers": ">=0.5.1"
  peerDependenciesMeta:
    "@swc/helpers":
      optional: true
  checksum: 10c0/56a3a98f3472da9d2091425973ded31250a6ea0ab0d66aa188b355ae8675620882b9b2bf9e22593fb0e4371714fa3806fec6663246f8bcc2a04a2c9390aceb9a
  languageName: node
  linkType: hard

"@rspack/lite-tapable@npm:1.0.1, @rspack/lite-tapable@npm:~1.0.1":
  version: 1.0.1
  resolution: "@rspack/lite-tapable@npm:1.0.1"
  checksum: 10c0/90bb1bc414dc51ea2d0933e09f78d25584f3f50a85f4cb8228930bd29e5931bf55eff4f348a06c51dd3149fc73b8ae3920bf0ae5ae8a0c9fe1d9b404e6ecf5b7
  languageName: node
  linkType: hard

"@rspack/plugin-react-refresh@npm:~1.4.3":
  version: 1.4.3
  resolution: "@rspack/plugin-react-refresh@npm:1.4.3"
  dependencies:
    error-stack-parser: "npm:^2.1.4"
    html-entities: "npm:^2.6.0"
  peerDependencies:
    react-refresh: ">=0.10.0 <1.0.0"
    webpack-hot-middleware: 2.x
  peerDependenciesMeta:
    webpack-hot-middleware:
      optional: true
  checksum: 10c0/83547920b61ac1cdad10545b60f6eee01adf7a935d46f962bc79e37ca4063256bb72137361ce63023b282b05b6c686790e5bf175c5bf8f0138d5a303d7c099ea
  languageName: node
  linkType: hard

"@swc/helpers@npm:^0.5.17":
  version: 0.5.17
  resolution: "@swc/helpers@npm:0.5.17"
  dependencies:
    tslib: "npm:^2.8.0"
  checksum: 10c0/fe1f33ebb968558c5a0c595e54f2e479e4609bff844f9ca9a2d1ffd8dd8504c26f862a11b031f48f75c95b0381c2966c3dd156e25942f90089badd24341e7dbb
  languageName: node
  linkType: hard

"@tybys/wasm-util@npm:^0.10.0":
  version: 0.10.0
  resolution: "@tybys/wasm-util@npm:0.10.0"
  dependencies:
    tslib: "npm:^2.4.0"
  checksum: 10c0/044feba55c1e2af703aa4946139969badb183ce1a659a75ed60bc195a90e73a3f3fc53bcd643497c9954597763ddb051fec62f80962b2ca6fc716ba897dc696e
  languageName: node
  linkType: hard

"@types/cookie@npm:^0.6.0":
  version: 0.6.0
  resolution: "@types/cookie@npm:0.6.0"
  checksum: 10c0/5b326bd0188120fb32c0be086b141b1481fec9941b76ad537f9110e10d61ee2636beac145463319c71e4be67a17e85b81ca9e13ceb6e3bb63b93d16824d6c149
  languageName: node
  linkType: hard

"@types/react-dom@npm:^19.1.7":
  version: 19.1.7
  resolution: "@types/react-dom@npm:19.1.7"
  peerDependencies:
    "@types/react": ^19.0.0
  checksum: 10c0/8db5751c1567552fe4e1ece9f5823b682f2994ec8d30ed34ba0ef984e3c8ace1435f8be93d02f55c350147e78ac8c4dbcd8ed2c3b6a60f575bc5374f588c51c9
  languageName: node
  linkType: hard

"@types/react@npm:^19.1.9":
  version: 19.1.10
  resolution: "@types/react@npm:19.1.10"
  dependencies:
    csstype: "npm:^3.0.2"
  checksum: 10c0/fb583deacd0a815e2775dc1b9f764532d8cacb748ddd2c2914805a46c257ce6c237b4078f44009692074db212ab61a390301c6470f07f5aa5bfdeb78a2acfda1
  languageName: node
  linkType: hard

"@types/statuses@npm:^2.0.4":
  version: 2.0.6
  resolution: "@types/statuses@npm:2.0.6"
  checksum: 10c0/dd88c220b0e2c6315686289525fd61472d2204d2e4bef4941acfb76bda01d3066f749ac74782aab5b537a45314fcd7d6261eefa40b6ec872691f5803adaa608d
  languageName: node
  linkType: hard

"@types/tough-cookie@npm:^4.0.5":
  version: 4.0.5
  resolution: "@types/tough-cookie@npm:4.0.5"
  checksum: 10c0/68c6921721a3dcb40451543db2174a145ef915bc8bcbe7ad4e59194a0238e776e782b896c7a59f4b93ac6acefca9161fccb31d1ce3b3445cb6faa467297fb473
  languageName: node
  linkType: hard

"ansi-escapes@npm:^4.3.2":
  version: 4.3.2
  resolution: "ansi-escapes@npm:4.3.2"
  dependencies:
    type-fest: "npm:^0.21.3"
  checksum: 10c0/da917be01871525a3dfcf925ae2977bc59e8c513d4423368645634bf5d4ceba5401574eb705c1e92b79f7292af5a656f78c5725a4b0e1cec97c4b413705c1d50
  languageName: node
  linkType: hard

"ansi-regex@npm:^5.0.1":
  version: 5.0.1
  resolution: "ansi-regex@npm:5.0.1"
  checksum: 10c0/9a64bb8627b434ba9327b60c027742e5d17ac69277960d041898596271d992d4d52ba7267a63ca10232e29f6107fc8a835f6ce8d719b88c5f8493f8254813737
  languageName: node
  linkType: hard

"ansi-styles@npm:^4.0.0":
  version: 4.3.0
  resolution: "ansi-styles@npm:4.3.0"
  dependencies:
    color-convert: "npm:^2.0.1"
  checksum: 10c0/895a23929da416f2bd3de7e9cb4eabd340949328ab85ddd6e484a637d8f6820d485f53933446f5291c3b760cbc488beb8e88573dd0f9c7daf83dccc8fe81b041
  languageName: node
  linkType: hard

"asynckit@npm:^0.4.0":
  version: 0.4.0
  resolution: "asynckit@npm:0.4.0"
  checksum: 10c0/d73e2ddf20c4eb9337e1b3df1a0f6159481050a5de457c55b14ea2e5cb6d90bb69e004c9af54737a5ee0917fcf2c9e25de67777bbe58261847846066ba75bc9d
  languageName: node
  linkType: hard

"axios@npm:^1.11.0":
  version: 1.11.0
  resolution: "axios@npm:1.11.0"
  dependencies:
    follow-redirects: "npm:^1.15.6"
    form-data: "npm:^4.0.4"
    proxy-from-env: "npm:^1.1.0"
  checksum: 10c0/5de273d33d43058610e4d252f0963cc4f10714da0bfe872e8ef2cbc23c2c999acc300fd357b6bce0fc84a2ca9bd45740fa6bb28199ce2c1266c8b1a393f2b36e
  languageName: node
  linkType: hard

"call-bind-apply-helpers@npm:^1.0.1, call-bind-apply-helpers@npm:^1.0.2":
  version: 1.0.2
  resolution: "call-bind-apply-helpers@npm:1.0.2"
  dependencies:
    es-errors: "npm:^1.3.0"
    function-bind: "npm:^1.1.2"
  checksum: 10c0/47bd9901d57b857590431243fea704ff18078b16890a6b3e021e12d279bbf211d039155e27d7566b374d49ee1f8189344bac9833dec7a20cdec370506361c938
  languageName: node
  linkType: hard

"cli-width@npm:^4.1.0":
  version: 4.1.0
  resolution: "cli-width@npm:4.1.0"
  checksum: 10c0/1fbd56413578f6117abcaf858903ba1f4ad78370a4032f916745fa2c7e390183a9d9029cf837df320b0fdce8137668e522f60a30a5f3d6529ff3872d265a955f
  languageName: node
  linkType: hard

"cliui@npm:^8.0.1":
  version: 8.0.1
  resolution: "cliui@npm:8.0.1"
  dependencies:
    string-width: "npm:^4.2.0"
    strip-ansi: "npm:^6.0.1"
    wrap-ansi: "npm:^7.0.0"
  checksum: 10c0/4bda0f09c340cbb6dfdc1ed508b3ca080f12992c18d68c6be4d9cf51756033d5266e61ec57529e610dacbf4da1c634423b0c1b11037709cc6b09045cbd815df5
  languageName: node
  linkType: hard

"color-convert@npm:^2.0.1":
  version: 2.0.1
  resolution: "color-convert@npm:2.0.1"
  dependencies:
    color-name: "npm:~1.1.4"
  checksum: 10c0/37e1150172f2e311fe1b2df62c6293a342ee7380da7b9cfdba67ea539909afbd74da27033208d01d6d5cfc65ee7868a22e18d7e7648e004425441c0f8a15a7d7
  languageName: node
  linkType: hard

"color-name@npm:~1.1.4":
  version: 1.1.4
  resolution: "color-name@npm:1.1.4"
  checksum: 10c0/a1a3f914156960902f46f7f56bc62effc6c94e84b2cae157a526b1c1f74b677a47ec602bf68a61abfa2b42d15b7c5651c6dbe72a43af720bc588dff885b10f95
  languageName: node
  linkType: hard

"combined-stream@npm:^1.0.8":
  version: 1.0.8
  resolution: "combined-stream@npm:1.0.8"
  dependencies:
    delayed-stream: "npm:~1.0.0"
  checksum: 10c0/0dbb829577e1b1e839fa82b40c07ffaf7de8a09b935cadd355a73652ae70a88b4320db322f6634a4ad93424292fa80973ac6480986247f1734a1137debf271d5
  languageName: node
  linkType: hard

"cookie@npm:^0.7.2":
  version: 0.7.2
  resolution: "cookie@npm:0.7.2"
  checksum: 10c0/9596e8ccdbf1a3a88ae02cf5ee80c1c50959423e1022e4e60b91dd87c622af1da309253d8abdb258fb5e3eacb4f08e579dc58b4897b8087574eee0fd35dfa5d2
  languageName: node
  linkType: hard

"core-js@npm:~3.45.0":
  version: 3.45.0
  resolution: "core-js@npm:3.45.0"
  checksum: 10c0/118350f9f1d81f42a1276590d6c217dca04c789fdb8074c82e53056b1a784948769a62b16b98493fd73e8a988545432f302bca798571e56ad881b9c039a5a83c
  languageName: node
  linkType: hard

"csstype@npm:^3.0.2":
  version: 3.1.3
  resolution: "csstype@npm:3.1.3"
  checksum: 10c0/80c089d6f7e0c5b2bd83cf0539ab41474198579584fa10d86d0cafe0642202343cbc119e076a0b1aece191989477081415d66c9fefbf3c957fc2fc4b7009f248
  languageName: node
  linkType: hard

"delayed-stream@npm:~1.0.0":
  version: 1.0.0
  resolution: "delayed-stream@npm:1.0.0"
  checksum: 10c0/d758899da03392e6712f042bec80aa293bbe9e9ff1b2634baae6a360113e708b91326594c8a486d475c69d6259afb7efacdc3537bfcda1c6c648e390ce601b19
  languageName: node
  linkType: hard

"dunder-proto@npm:^1.0.1":
  version: 1.0.1
  resolution: "dunder-proto@npm:1.0.1"
  dependencies:
    call-bind-apply-helpers: "npm:^1.0.1"
    es-errors: "npm:^1.3.0"
    gopd: "npm:^1.2.0"
  checksum: 10c0/199f2a0c1c16593ca0a145dbf76a962f8033ce3129f01284d48c45ed4e14fea9bbacd7b3610b6cdc33486cef20385ac054948fefc6272fcce645c09468f93031
  languageName: node
  linkType: hard

"emoji-regex@npm:^8.0.0":
  version: 8.0.0
  resolution: "emoji-regex@npm:8.0.0"
  checksum: 10c0/b6053ad39951c4cf338f9092d7bfba448cdfd46fe6a2a034700b149ac9ffbc137e361cbd3c442297f86bed2e5f7576c1b54cc0a6bf8ef5106cc62f496af35010
  languageName: node
  linkType: hard

"error-stack-parser@npm:^2.1.4":
  version: 2.1.4
  resolution: "error-stack-parser@npm:2.1.4"
  dependencies:
    stackframe: "npm:^1.3.4"
  checksum: 10c0/7679b780043c98b01fc546725484e0cfd3071bf5c906bbe358722972f04abf4fc3f0a77988017665bab367f6ef3fc2d0185f7528f45966b83e7c99c02d5509b9
  languageName: node
  linkType: hard

"es-define-property@npm:^1.0.1":
  version: 1.0.1
  resolution: "es-define-property@npm:1.0.1"
  checksum: 10c0/3f54eb49c16c18707949ff25a1456728c883e81259f045003499efba399c08bad00deebf65cccde8c0e07908c1a225c9d472b7107e558f2a48e28d530e34527c
  languageName: node
  linkType: hard

"es-errors@npm:^1.3.0":
  version: 1.3.0
  resolution: "es-errors@npm:1.3.0"
  checksum: 10c0/0a61325670072f98d8ae3b914edab3559b6caa980f08054a3b872052640d91da01d38df55df797fcc916389d77fc92b8d5906cf028f4db46d7e3003abecbca85
  languageName: node
  linkType: hard

"es-object-atoms@npm:^1.0.0, es-object-atoms@npm:^1.1.1":
  version: 1.1.1
  resolution: "es-object-atoms@npm:1.1.1"
  dependencies:
    es-errors: "npm:^1.3.0"
  checksum: 10c0/65364812ca4daf48eb76e2a3b7a89b3f6a2e62a1c420766ce9f692665a29d94fe41fe88b65f24106f449859549711e4b40d9fb8002d862dfd7eb1c512d10be0c
  languageName: node
  linkType: hard

"es-set-tostringtag@npm:^2.1.0":
  version: 2.1.0
  resolution: "es-set-tostringtag@npm:2.1.0"
  dependencies:
    es-errors: "npm:^1.3.0"
    get-intrinsic: "npm:^1.2.6"
    has-tostringtag: "npm:^1.0.2"
    hasown: "npm:^2.0.2"
  checksum: 10c0/ef2ca9ce49afe3931cb32e35da4dcb6d86ab02592cfc2ce3e49ced199d9d0bb5085fc7e73e06312213765f5efa47cc1df553a6a5154584b21448e9fb8355b1af
  languageName: node
  linkType: hard

"escalade@npm:^3.1.1":
  version: 3.2.0
  resolution: "escalade@npm:3.2.0"
  checksum: 10c0/ced4dd3a78e15897ed3be74e635110bbf3b08877b0a41be50dcb325ee0e0b5f65fc2d50e9845194d7c4633f327e2e1c6cce00a71b617c5673df0374201d67f65
  languageName: node
  linkType: hard

"follow-redirects@npm:^1.15.6":
  version: 1.15.11
  resolution: "follow-redirects@npm:1.15.11"
  peerDependenciesMeta:
    debug:
      optional: true
  checksum: 10c0/d301f430542520a54058d4aeeb453233c564aaccac835d29d15e050beb33f339ad67d9bddbce01739c5dc46a6716dbe3d9d0d5134b1ca203effa11a7ef092343
  languageName: node
  linkType: hard

"form-data@npm:^4.0.4":
  version: 4.0.4
  resolution: "form-data@npm:4.0.4"
  dependencies:
    asynckit: "npm:^0.4.0"
    combined-stream: "npm:^1.0.8"
    es-set-tostringtag: "npm:^2.1.0"
    hasown: "npm:^2.0.2"
    mime-types: "npm:^2.1.12"
  checksum: 10c0/373525a9a034b9d57073e55eab79e501a714ffac02e7a9b01be1c820780652b16e4101819785e1e18f8d98f0aee866cc654d660a435c378e16a72f2e7cac9695
  languageName: node
  linkType: hard

"function-bind@npm:^1.1.2":
  version: 1.1.2
  resolution: "function-bind@npm:1.1.2"
  checksum: 10c0/d8680ee1e5fcd4c197e4ac33b2b4dce03c71f4d91717292785703db200f5c21f977c568d28061226f9b5900cbcd2c84463646134fd5337e7925e0942bc3f46d5
  languageName: node
  linkType: hard

"get-caller-file@npm:^2.0.5":
  version: 2.0.5
  resolution: "get-caller-file@npm:2.0.5"
  checksum: 10c0/c6c7b60271931fa752aeb92f2b47e355eac1af3a2673f47c9589e8f8a41adc74d45551c1bc57b5e66a80609f10ffb72b6f575e4370d61cc3f7f3aaff01757cde
  languageName: node
  linkType: hard

"get-intrinsic@npm:^1.2.6":
  version: 1.3.0
  resolution: "get-intrinsic@npm:1.3.0"
  dependencies:
    call-bind-apply-helpers: "npm:^1.0.2"
    es-define-property: "npm:^1.0.1"
    es-errors: "npm:^1.3.0"
    es-object-atoms: "npm:^1.1.1"
    function-bind: "npm:^1.1.2"
    get-proto: "npm:^1.0.1"
    gopd: "npm:^1.2.0"
    has-symbols: "npm:^1.1.0"
    hasown: "npm:^2.0.2"
    math-intrinsics: "npm:^1.1.0"
  checksum: 10c0/52c81808af9a8130f581e6a6a83e1ba4a9f703359e7a438d1369a5267a25412322f03dcbd7c549edaef0b6214a0630a28511d7df0130c93cfd380f4fa0b5b66a
  languageName: node
  linkType: hard

"get-proto@npm:^1.0.1":
  version: 1.0.1
  resolution: "get-proto@npm:1.0.1"
  dependencies:
    dunder-proto: "npm:^1.0.1"
    es-object-atoms: "npm:^1.0.0"
  checksum: 10c0/9224acb44603c5526955e83510b9da41baf6ae73f7398875fba50edc5e944223a89c4a72b070fcd78beb5f7bdda58ecb6294adc28f7acfc0da05f76a2399643c
  languageName: node
  linkType: hard

"gopd@npm:^1.2.0":
  version: 1.2.0
  resolution: "gopd@npm:1.2.0"
  checksum: 10c0/50fff1e04ba2b7737c097358534eacadad1e68d24cccee3272e04e007bed008e68d2614f3987788428fd192a5ae3889d08fb2331417e4fc4a9ab366b2043cead
  languageName: node
  linkType: hard

"graphql@npm:^16.8.1":
  version: 16.11.0
  resolution: "graphql@npm:16.11.0"
  checksum: 10c0/124da7860a2292e9acf2fed0c71fc0f6a9b9ca865d390d112bdd563c1f474357141501c12891f4164fe984315764736ad67f705219c62f7580681d431a85db88
  languageName: node
  linkType: hard

"has-symbols@npm:^1.0.3, has-symbols@npm:^1.1.0":
  version: 1.1.0
  resolution: "has-symbols@npm:1.1.0"
  checksum: 10c0/dde0a734b17ae51e84b10986e651c664379018d10b91b6b0e9b293eddb32f0f069688c841fb40f19e9611546130153e0a2a48fd7f512891fb000ddfa36f5a20e
  languageName: node
  linkType: hard

"has-tostringtag@npm:^1.0.2":
  version: 1.0.2
  resolution: "has-tostringtag@npm:1.0.2"
  dependencies:
    has-symbols: "npm:^1.0.3"
  checksum: 10c0/a8b166462192bafe3d9b6e420a1d581d93dd867adb61be223a17a8d6dad147aa77a8be32c961bb2f27b3ef893cae8d36f564ab651f5e9b7938ae86f74027c48c
  languageName: node
  linkType: hard

"hasown@npm:^2.0.2":
  version: 2.0.2
  resolution: "hasown@npm:2.0.2"
  dependencies:
    function-bind: "npm:^1.1.2"
  checksum: 10c0/3769d434703b8ac66b209a4cca0737519925bbdb61dd887f93a16372b14694c63ff4e797686d87c90f08168e81082248b9b028bad60d4da9e0d1148766f56eb9
  languageName: node
  linkType: hard

"headers-polyfill@npm:^4.0.2":
  version: 4.0.3
  resolution: "headers-polyfill@npm:4.0.3"
  checksum: 10c0/53e85b2c6385f8d411945fb890c5369f1469ce8aa32a6e8d28196df38568148de640c81cf88cbc7c67767103dd9acba48f4f891982da63178fc6e34560022afe
  languageName: node
  linkType: hard

"html-entities@npm:^2.6.0":
  version: 2.6.0
  resolution: "html-entities@npm:2.6.0"
  checksum: 10c0/7c8b15d9ea0cd00dc9279f61bab002ba6ca8a7a0f3c36ed2db3530a67a9621c017830d1d2c1c65beb9b8e3436ea663e9cf8b230472e0e413359399413b27c8b7
  languageName: node
  linkType: hard

"is-fullwidth-code-point@npm:^3.0.0":
  version: 3.0.0
  resolution: "is-fullwidth-code-point@npm:3.0.0"
  checksum: 10c0/bb11d825e049f38e04c06373a8d72782eee0205bda9d908cc550ccb3c59b99d750ff9537982e01733c1c94a58e35400661f57042158ff5e8f3e90cf936daf0fc
  languageName: node
  linkType: hard

"is-node-process@npm:^1.2.0":
  version: 1.2.0
  resolution: "is-node-process@npm:1.2.0"
  checksum: 10c0/5b24fda6776d00e42431d7bcd86bce81cb0b6cabeb944142fe7b077a54ada2e155066ad06dbe790abdb397884bdc3151e04a9707b8cd185099efbc79780573ed
  languageName: node
  linkType: hard

"jiti@npm:^2.5.1":
  version: 2.5.1
  resolution: "jiti@npm:2.5.1"
  bin:
    jiti: lib/jiti-cli.mjs
  checksum: 10c0/f0a38d7d8842cb35ffe883038166aa2d52ffd21f1a4fc839ae4076ea7301c22a1f11373f8fc52e2667de7acde8f3e092835620dd6f72a0fbe9296b268b0874bb
  languageName: node
  linkType: hard

"math-intrinsics@npm:^1.1.0":
  version: 1.1.0
  resolution: "math-intrinsics@npm:1.1.0"
  checksum: 10c0/7579ff94e899e2f76ab64491d76cf606274c874d8f2af4a442c016bd85688927fcfca157ba6bf74b08e9439dc010b248ce05b96cc7c126a354c3bae7fcb48b7f
  languageName: node
  linkType: hard

"mime-db@npm:1.52.0":
  version: 1.52.0
  resolution: "mime-db@npm:1.52.0"
  checksum: 10c0/0557a01deebf45ac5f5777fe7740b2a5c309c6d62d40ceab4e23da9f821899ce7a900b7ac8157d4548ddbb7beffe9abc621250e6d182b0397ec7f10c7b91a5aa
  languageName: node
  linkType: hard

"mime-types@npm:^2.1.12":
  version: 2.1.35
  resolution: "mime-types@npm:2.1.35"
  dependencies:
    mime-db: "npm:1.52.0"
  checksum: 10c0/82fb07ec56d8ff1fc999a84f2f217aa46cb6ed1033fefaabd5785b9a974ed225c90dc72fff460259e66b95b73648596dbcc50d51ed69cdf464af2d237d3149b2
  languageName: node
  linkType: hard

"msw@npm:^2.10.5":
  version: 2.10.5
  resolution: "msw@npm:2.10.5"
  dependencies:
    "@bundled-es-modules/cookie": "npm:^2.0.1"
    "@bundled-es-modules/statuses": "npm:^1.0.1"
    "@bundled-es-modules/tough-cookie": "npm:^0.1.6"
    "@inquirer/confirm": "npm:^5.0.0"
    "@mswjs/interceptors": "npm:^0.39.1"
    "@open-draft/deferred-promise": "npm:^2.2.0"
    "@open-draft/until": "npm:^2.1.0"
    "@types/cookie": "npm:^0.6.0"
    "@types/statuses": "npm:^2.0.4"
    graphql: "npm:^16.8.1"
    headers-polyfill: "npm:^4.0.2"
    is-node-process: "npm:^1.2.0"
    outvariant: "npm:^1.4.3"
    path-to-regexp: "npm:^6.3.0"
    picocolors: "npm:^1.1.1"
    strict-event-emitter: "npm:^0.5.1"
    type-fest: "npm:^4.26.1"
    yargs: "npm:^17.7.2"
  peerDependencies:
    typescript: ">= 4.8.x"
  peerDependenciesMeta:
    typescript:
      optional: true
  bin:
    msw: cli/index.js
  checksum: 10c0/c85a1479c862ec2ba7b29da667cc27bf37f2f525245ca3a0aa21602dcade149b516a7ad6ae095eec3c5191ca37e1b8f2f9a2430bb9297af177deb5b85572a8a7
  languageName: node
  linkType: hard

"mute-stream@npm:^2.0.0":
  version: 2.0.0
  resolution: "mute-stream@npm:2.0.0"
  checksum: 10c0/2cf48a2087175c60c8dcdbc619908b49c07f7adcfc37d29236b0c5c612d6204f789104c98cc44d38acab7b3c96f4a3ec2cfdc4934d0738d876dbefa2a12c69f4
  languageName: node
  linkType: hard

"outvariant@npm:^1.4.0, outvariant@npm:^1.4.3":
  version: 1.4.3
  resolution: "outvariant@npm:1.4.3"
  checksum: 10c0/5976ca7740349cb8c71bd3382e2a762b1aeca6f33dc984d9d896acdf3c61f78c3afcf1bfe9cc633a7b3c4b295ec94d292048f83ea2b2594fae4496656eba992c
  languageName: node
  linkType: hard

"path-to-regexp@npm:^6.3.0":
  version: 6.3.0
  resolution: "path-to-regexp@npm:6.3.0"
  checksum: 10c0/73b67f4638b41cde56254e6354e46ae3a2ebc08279583f6af3d96fe4664fc75788f74ed0d18ca44fa4a98491b69434f9eee73b97bb5314bd1b5adb700f5c18d6
  languageName: node
  linkType: hard

"picocolors@npm:^1.1.1":
  version: 1.1.1
  resolution: "picocolors@npm:1.1.1"
  checksum: 10c0/e2e3e8170ab9d7c7421969adaa7e1b31434f789afb9b3f115f6b96d91945041ac3ceb02e9ec6fe6510ff036bcc0bf91e69a1772edc0b707e12b19c0f2d6bcf58
  languageName: node
  linkType: hard

"prettier@npm:^3.6.2":
  version: 3.6.2
  resolution: "prettier@npm:3.6.2"
  bin:
    prettier: bin/prettier.cjs
  checksum: 10c0/488cb2f2b99ec13da1e50074912870217c11edaddedeadc649b1244c749d15ba94e846423d062e2c4c9ae683e2d65f754de28889ba06e697ac4f988d44f45812
  languageName: node
  linkType: hard

"proxy-from-env@npm:^1.1.0":
  version: 1.1.0
  resolution: "proxy-from-env@npm:1.1.0"
  checksum: 10c0/fe7dd8b1bdbbbea18d1459107729c3e4a2243ca870d26d34c2c1bcd3e4425b7bcc5112362df2d93cc7fb9746f6142b5e272fd1cc5c86ddf8580175186f6ad42b
  languageName: node
  linkType: hard

"psl@npm:^1.1.33":
  version: 1.15.0
  resolution: "psl@npm:1.15.0"
  dependencies:
    punycode: "npm:^2.3.1"
  checksum: 10c0/d8d45a99e4ca62ca12ac3c373e63d80d2368d38892daa40cfddaa1eb908be98cd549ac059783ef3a56cfd96d57ae8e2fd9ae53d1378d90d42bc661ff924e102a
  languageName: node
  linkType: hard

"punycode@npm:^2.1.1, punycode@npm:^2.3.1":
  version: 2.3.1
  resolution: "punycode@npm:2.3.1"
  checksum: 10c0/14f76a8206bc3464f794fb2e3d3cc665ae416c01893ad7a02b23766eb07159144ee612ad67af5e84fa4479ccfe67678c4feb126b0485651b302babf66f04f9e9
  languageName: node
  linkType: hard

"querystringify@npm:^2.1.1":
  version: 2.2.0
  resolution: "querystringify@npm:2.2.0"
  checksum: 10c0/3258bc3dbdf322ff2663619afe5947c7926a6ef5fb78ad7d384602974c467fadfc8272af44f5eb8cddd0d011aae8fabf3a929a8eee4b86edcc0a21e6bd10f9aa
  languageName: node
  linkType: hard

"react-dom@npm:^19.1.1":
  version: 19.1.1
  resolution: "react-dom@npm:19.1.1"
  dependencies:
    scheduler: "npm:^0.26.0"
  peerDependencies:
    react: ^19.1.1
  checksum: 10c0/8c91198510521299c56e4e8d5e3a4508b2734fb5e52f29eeac33811de64e76fe586ad32c32182e2e84e070d98df67125da346c3360013357228172dbcd20bcdd
  languageName: node
  linkType: hard

"react-refresh@npm:^0.17.0":
  version: 0.17.0
  resolution: "react-refresh@npm:0.17.0"
  checksum: 10c0/002cba940384c9930008c0bce26cac97a9d5682bc623112c2268ba0c155127d9c178a9a5cc2212d560088d60dfd503edd808669a25f9b377f316a32361d0b23c
  languageName: node
  linkType: hard

"react@npm:^19.1.1":
  version: 19.1.1
  resolution: "react@npm:19.1.1"
  checksum: 10c0/8c9769a2dfd02e603af6445058325e6c8a24b47b185d0e461f66a6454765ddcaecb3f0a90184836c68bb509f3c38248359edbc42f0d07c23eb500a5c30c87b4e
  languageName: node
  linkType: hard

"require-directory@npm:^2.1.1":
  version: 2.1.1
  resolution: "require-directory@npm:2.1.1"
  checksum: 10c0/83aa76a7bc1531f68d92c75a2ca2f54f1b01463cb566cf3fbc787d0de8be30c9dbc211d1d46be3497dac5785fe296f2dd11d531945ac29730643357978966e99
  languageName: node
  linkType: hard

"requires-port@npm:^1.0.0":
  version: 1.0.0
  resolution: "requires-port@npm:1.0.0"
  checksum: 10c0/b2bfdd09db16c082c4326e573a82c0771daaf7b53b9ce8ad60ea46aa6e30aaf475fe9b164800b89f93b748d2c234d8abff945d2551ba47bf5698e04cd7713267
  languageName: node
  linkType: hard

"scheduler@npm:^0.26.0":
  version: 0.26.0
  resolution: "scheduler@npm:0.26.0"
  checksum: 10c0/5b8d5bfddaae3513410eda54f2268e98a376a429931921a81b5c3a2873aab7ca4d775a8caac5498f8cbc7d0daeab947cf923dbd8e215d61671f9f4e392d34356
  languageName: node
  linkType: hard

"signal-exit@npm:^4.1.0":
  version: 4.1.0
  resolution: "signal-exit@npm:4.1.0"
  checksum: 10c0/41602dce540e46d599edba9d9860193398d135f7ff72cab629db5171516cfae628d21e7bfccde1bbfdf11c48726bc2a6d1a8fb8701125852fbfda7cf19c6aa83
  languageName: node
  linkType: hard

"stackframe@npm:^1.3.4":
  version: 1.3.4
  resolution: "stackframe@npm:1.3.4"
  checksum: 10c0/18410f7a1e0c5d211a4effa83bdbf24adbe8faa8c34db52e1cd3e89837518c592be60b60d8b7270ac53eeeb8b807cd11b399a41667f6c9abb41059c3ccc8a989
  languageName: node
  linkType: hard

"statuses@npm:^2.0.1":
  version: 2.0.2
  resolution: "statuses@npm:2.0.2"
  checksum: 10c0/a9947d98ad60d01f6b26727570f3bcceb6c8fa789da64fe6889908fe2e294d57503b14bf2b5af7605c2d36647259e856635cd4c49eab41667658ec9d0080ec3f
  languageName: node
  linkType: hard

"strict-event-emitter@npm:^0.5.1":
  version: 0.5.1
  resolution: "strict-event-emitter@npm:0.5.1"
  checksum: 10c0/f5228a6e6b6393c57f52f62e673cfe3be3294b35d6f7842fc24b172ae0a6e6c209fa83241d0e433fc267c503bc2f4ffdbe41a9990ff8ffd5ac425ec0489417f7
  languageName: node
  linkType: hard

"string-width@npm:^4.1.0, string-width@npm:^4.2.0, string-width@npm:^4.2.3":
  version: 4.2.3
  resolution: "string-width@npm:4.2.3"
  dependencies:
    emoji-regex: "npm:^8.0.0"
    is-fullwidth-code-point: "npm:^3.0.0"
    strip-ansi: "npm:^6.0.1"
  checksum: 10c0/1e525e92e5eae0afd7454086eed9c818ee84374bb80328fc41217ae72ff5f065ef1c9d7f72da41de40c75fa8bb3dee63d92373fd492c84260a552c636392a47b
  languageName: node
  linkType: hard

"strip-ansi@npm:^6.0.0, strip-ansi@npm:^6.0.1":
  version: 6.0.1
  resolution: "strip-ansi@npm:6.0.1"
  dependencies:
    ansi-regex: "npm:^5.0.1"
  checksum: 10c0/1ae5f212a126fe5b167707f716942490e3933085a5ff6c008ab97ab2f272c8025d3aa218b7bd6ab25729ca20cc81cddb252102f8751e13482a5199e873680952
  languageName: node
  linkType: hard

"tough-cookie@npm:^4.1.4":
  version: 4.1.4
  resolution: "tough-cookie@npm:4.1.4"
  dependencies:
    psl: "npm:^1.1.33"
    punycode: "npm:^2.1.1"
    universalify: "npm:^0.2.0"
    url-parse: "npm:^1.5.3"
  checksum: 10c0/aca7ff96054f367d53d1e813e62ceb7dd2eda25d7752058a74d64b7266fd07be75908f3753a32ccf866a2f997604b414cfb1916d6e7f69bc64d9d9939b0d6c45
  languageName: node
  linkType: hard

"tslib@npm:^2.4.0, tslib@npm:^2.8.0":
  version: 2.8.1
  resolution: "tslib@npm:2.8.1"
  checksum: 10c0/9c4759110a19c53f992d9aae23aac5ced636e99887b51b9e61def52611732872ff7668757d4e4c61f19691e36f4da981cd9485e869b4a7408d689f6bf1f14e62
  languageName: node
  linkType: hard

"type-fest@npm:^0.21.3":
  version: 0.21.3
  resolution: "type-fest@npm:0.21.3"
  checksum: 10c0/902bd57bfa30d51d4779b641c2bc403cdf1371fb9c91d3c058b0133694fcfdb817aef07a47f40faf79039eecbaa39ee9d3c532deff244f3a19ce68cea71a61e8
  languageName: node
  linkType: hard

"type-fest@npm:^4.26.1":
  version: 4.41.0
  resolution: "type-fest@npm:4.41.0"
  checksum: 10c0/f5ca697797ed5e88d33ac8f1fec21921839871f808dc59345c9cf67345bfb958ce41bd821165dbf3ae591cedec2bf6fe8882098dfdd8dc54320b859711a2c1e4
  languageName: node
  linkType: hard

"typescript@npm:^5.9.2":
  version: 5.9.2
  resolution: "typescript@npm:5.9.2"
  bin:
    tsc: bin/tsc
    tsserver: bin/tsserver
  checksum: 10c0/cd635d50f02d6cf98ed42de2f76289701c1ec587a363369255f01ed15aaf22be0813226bff3c53e99d971f9b540e0b3cc7583dbe05faded49b1b0bed2f638a18
  languageName: node
  linkType: hard

"typescript@patch:typescript@npm%3A^5.9.2#optional!builtin<compat/typescript>":
  version: 5.9.2
  resolution: "typescript@patch:typescript@npm%3A5.9.2#optional!builtin<compat/typescript>::version=5.9.2&hash=5786d5"
  bin:
    tsc: bin/tsc
    tsserver: bin/tsserver
  checksum: 10c0/34d2a8e23eb8e0d1875072064d5e1d9c102e0bdce56a10a25c0b917b8aa9001a9cf5c225df12497e99da107dc379360bc138163c66b55b95f5b105b50578067e
  languageName: node
  linkType: hard

"universalify@npm:^0.2.0":
  version: 0.2.0
  resolution: "universalify@npm:0.2.0"
  checksum: 10c0/cedbe4d4ca3967edf24c0800cfc161c5a15e240dac28e3ce575c689abc11f2c81ccc6532c8752af3b40f9120fb5e454abecd359e164f4f6aa44c29cd37e194fe
  languageName: node
  linkType: hard

"url-parse@npm:^1.5.3":
  version: 1.5.10
  resolution: "url-parse@npm:1.5.10"
  dependencies:
    querystringify: "npm:^2.1.1"
    requires-port: "npm:^1.0.0"
  checksum: 10c0/bd5aa9389f896974beb851c112f63b466505a04b4807cea2e5a3b7092f6fbb75316f0491ea84e44f66fed55f1b440df5195d7e3a8203f64fcefa19d182f5be87
  languageName: node
  linkType: hard

"wrap-ansi@npm:^6.2.0":
  version: 6.2.0
  resolution: "wrap-ansi@npm:6.2.0"
  dependencies:
    ansi-styles: "npm:^4.0.0"
    string-width: "npm:^4.1.0"
    strip-ansi: "npm:^6.0.0"
  checksum: 10c0/baad244e6e33335ea24e86e51868fe6823626e3a3c88d9a6674642afff1d34d9a154c917e74af8d845fd25d170c4ea9cf69a47133c3f3656e1252b3d462d9f6c
  languageName: node
  linkType: hard

"wrap-ansi@npm:^7.0.0":
  version: 7.0.0
  resolution: "wrap-ansi@npm:7.0.0"
  dependencies:
    ansi-styles: "npm:^4.0.0"
    string-width: "npm:^4.1.0"
    strip-ansi: "npm:^6.0.0"
  checksum: 10c0/d15fc12c11e4cbc4044a552129ebc75ee3f57aa9c1958373a4db0292d72282f54373b536103987a4a7594db1ef6a4f10acf92978f79b98c49306a4b58c77d4da
  languageName: node
  linkType: hard

"y18n@npm:^5.0.5":
  version: 5.0.8
  resolution: "y18n@npm:5.0.8"
  checksum: 10c0/4df2842c36e468590c3691c894bc9cdbac41f520566e76e24f59401ba7d8b4811eb1e34524d57e54bc6d864bcb66baab7ffd9ca42bf1eda596618f9162b91249
  languageName: node
  linkType: hard

"yargs-parser@npm:^21.1.1":
  version: 21.1.1
  resolution: "yargs-parser@npm:21.1.1"
  checksum: 10c0/f84b5e48169479d2f402239c59f084cfd1c3acc197a05c59b98bab067452e6b3ea46d4dd8ba2985ba7b3d32a343d77df0debd6b343e5dae3da2aab2cdf5886b2
  languageName: node
  linkType: hard

"yargs@npm:^17.7.2":
  version: 17.7.2
  resolution: "yargs@npm:17.7.2"
  dependencies:
    cliui: "npm:^8.0.1"
    escalade: "npm:^3.1.1"
    get-caller-file: "npm:^2.0.5"
    require-directory: "npm:^2.1.1"
    string-width: "npm:^4.2.3"
    y18n: "npm:^5.0.5"
    yargs-parser: "npm:^21.1.1"
  checksum: 10c0/ccd7e723e61ad5965fffbb791366db689572b80cca80e0f96aad968dfff4156cd7cd1ad18607afe1046d8241e6fb2d6c08bf7fa7bfb5eaec818735d8feac8f05
  languageName: node
  linkType: hard

"yoctocolors-cjs@npm:^2.1.2":
  version: 2.1.2
  resolution: "yoctocolors-cjs@npm:2.1.2"
  checksum: 10c0/a0e36eb88fea2c7981eab22d1ba45e15d8d268626e6c4143305e2c1628fa17ebfaa40cd306161a8ce04c0a60ee0262058eab12567493d5eb1409780853454c6f
  languageName: node
  linkType: hard
